// !$*UTF8*$!
{
	archiveVersion = 1;
	classes = {
	};
	objectVersion = 46;
	objects = {

/* Begin PBXBuildFile section */
		1697123B1C16969F00A8C17D /* AppDelegate.swift in Sources */ = {isa = PBXBuildFile; fileRef = 1697123A1C16969F00A8C17D /* AppDelegate.swift */; };
		1697123D1C16969F00A8C17D /* ViewController.swift in Sources */ = {isa = PBXBuildFile; fileRef = 1697123C1C16969F00A8C17D /* ViewController.swift */; };
		169712401C16969F00A8C17D /* Main.storyboard in Resources */ = {isa = PBXBuildFile; fileRef = 1697123E1C16969F00A8C17D /* Main.storyboard */; };
		169712431C16969F00A8C17D /* To_Do_List.xcdatamodeld in Sources */ = {isa = PBXBuildFile; fileRef = 169712411C16969F00A8C17D /* To_Do_List.xcdatamodeld */; };
		169712451C16969F00A8C17D /* Assets.xcassets in Resources */ = {isa = PBXBuildFile; fileRef = 169712441C16969F00A8C17D /* Assets.xcassets */; };
		169712481C16969F00A8C17D /* LaunchScreen.storyboard in Resources */ = {isa = PBXBuildFile; fileRef = 169712461C16969F00A8C17D /* LaunchScreen.storyboard */; };
		169712511C169FA400A8C17D /* Item+CoreDataProperties.swift in Sources */ = {isa = PBXBuildFile; fileRef = 1697124F1C169FA400A8C17D /* Item+CoreDataProperties.swift */; };
		169712521C169FA400A8C17D /* Item.swift in Sources */ = {isa = PBXBuildFile; fileRef = 169712501C169FA400A8C17D /* Item.swift */; };
/* End PBXBuildFile section */

/* Begin PBXFileReference section */
		169712371C16969F00A8C17D /* To Do List.app */ = {isa = PBXFileReference; explicitFileType = wrapper.application; includeInIndex = 0; path = "To Do List.app"; sourceTree = BUILT_PRODUCTS_DIR; };
		1697123A1C16969F00A8C17D /* AppDelegate.swift */ = {isa = PBXFileReference; lastKnownFileType = sourcecode.swift; path = AppDelegate.swift; sourceTree = "<group>"; };
		1697123C1C16969F00A8C17D /* ViewController.swift */ = {isa = PBXFileReference; lastKnownFileType = sourcecode.swift; path = ViewController.swift; sourceTree = "<group>"; };
		1697123F1C16969F00A8C17D /* Base */ = {isa = PBXFileReference; lastKnownFileType = file.storyboard; name = Base; path = Base.lproj/Main.storyboard; sourceTree = "<group>"; };
		169712421C16969F00A8C17D /* To_Do_List.xcdatamodel */ = {isa = PBXFileReference; lastKnownFileType = wrapper.xcdatamodel; path = To_Do_List.xcdatamodel; sourceTree = "<group>"; };
		169712441C16969F00A8C17D /* Assets.xcassets */ = {isa = PBXFileReference; lastKnownFileType = folder.assetcatalog; path = Assets.xcassets; sourceTree = "<group>"; };
		169712471C16969F00A8C17D /* Base */ = {isa = PBXFileReference; lastKnownFileType = file.storyboard; name = Base; path = Base.lproj/LaunchScreen.storyboard; sourceTree = "<group>"; };
		169712491C16969F00A8C17D /* Info.plist */ = {isa = PBXFileReference; lastKnownFileType = text.plist.xml; path = Info.plist; sourceTree = "<group>"; };
		1697124F1C169FA400A8C17D /* Item+CoreDataProperties.swift */ = {isa = PBXFileReference; fileEncoding = 4; lastKnownFileType = sourcecode.swift; name = "Item+CoreDataProperties.swift"; path = "../Item+CoreDataProperties.swift"; sourceTree = "<group>"; };
		169712501C169FA400A8C17D /* Item.swift */ = {isa = PBXFileReference; fileEncoding = 4; lastKnownFileType = sourcecode.swift; name = Item.swift; path = ../Item.swift; sourceTree = "<group>"; };
/* End PBXFileReference section */

/* Begin PBXFrameworksBuildPhase section */
		169712341C16969F00A8C17D /* Frameworks */ = {
			isa = PBXFrameworksBuildPhase;
			buildActionMask = 2147483647;
			files = (
			);
			runOnlyForDeploymentPostprocessing = 0;
		};
/* End PBXFrameworksBuildPhase section */

/* Begin PBXGroup section */
		1697122E1C16969F00A8C17D = {
			isa = PBXGroup;
			children = (
				169712391C16969F00A8C17D /* To Do List */,
				169712381C16969F00A8C17D /* Products */,
			);
			sourceTree = "<group>";
		};
		169712381C16969F00A8C17D /* Products */ = {
			isa = PBXGroup;
			children = (
				169712371C16969F00A8C17D /* To Do List.app */,
			);
			name = Products;
			sourceTree = "<group>";
		};
		169712391C16969F00A8C17D /* To Do List */ = {
			isa = PBXGroup;
			children = (
				1697124F1C169FA400A8C17D /* Item+CoreDataProperties.swift */,
				169712501C169FA400A8C17D /* Item.swift */,
				1697123A1C16969F00A8C17D /* AppDelegate.swift */,
				1697123C1C16969F00A8C17D /* ViewController.swift */,
				1697123E1C16969F00A8C17D /* Main.storyboard */,
				169712441C16969F00A8C17D /* Assets.xcassets */,
				169712461C16969F00A8C17D /* LaunchScreen.storyboard */,
				169712491C16969F00A8C17D /* Info.plist */,
				169712411C16969F00A8C17D /* To_Do_List.xcdatamodeld */,
			);
			path = "To Do List";
			sourceTree = "<group>";
		};
/* End PBXGroup section */

/* Begin PBXNativeTarget section */
		169712361C16969F00A8C17D /* To Do List */ = {
			isa = PBXNativeTarget;
			buildConfigurationList = 1697124C1C16969F00A8C17D /* Build configuration list for PBXNativeTarget "To Do List" */;
			buildPhases = (
				169712331C16969F00A8C17D /* Sources */,
				169712341C16969F00A8C17D /* Frameworks */,
				169712351C16969F00A8C17D /* Resources */,
			);
			buildRules = (
			);
			dependencies = (
			);
			name = "To Do List";
			productName = "To Do List";
			productReference = 169712371C16969F00A8C17D /* To Do List.app */;
			productType = "com.apple.product-type.application";
		};
/* End PBXNativeTarget section */

/* Begin PBXProject section */
		1697122F1C16969F00A8C17D /* Project object */ = {
			isa = PBXProject;
			attributes = {
				LastSwiftUpdateCheck = 0710;
				LastUpgradeCheck = 0710;
				ORGANIZATIONNAME = "Apps by Wade";
				TargetAttributes = {
					169712361C16969F00A8C17D = {
						CreatedOnToolsVersion = 7.1.1;
					};
				};
			};
			buildConfigurationList = 169712321C16969F00A8C17D /* Build configuration list for PBXProject "To Do List" */;
			compatibilityVersion = "Xcode 3.2";
			developmentRegion = English;
			hasScannedForEncodings = 0;
			knownRegions = (
				en,
				Base,
			);
			mainGroup = 1697122E1C16969F00A8C17D;
			productRefGroup = 169712381C16969F00A8C17D /* Products */;
			projectDirPath = "";
			projectRoot = "";
			targets = (
				169712361C16969F00A8C17D /* To Do List */,
			);
		};
/* End PBXProject section */

/* Begin PBXResourcesBuildPhase section */
		169712351C16969F00A8C17D /* Resources */ = {
			isa = PBXResourcesBuildPhase;
			buildActionMask = 2147483647;
			files = (
				169712481C16969F00A8C17D /* LaunchScreen.storyboard in Resources */,
				169712451C16969F00A8C17D /* Assets.xcassets in Resources */,
				169712401C16969F00A8C17D /* Main.storyboard in Resources */,
			);
			runOnlyForDeploymentPostprocessing = 0;
		};
/* End PBXResourcesBuildPhase section */

/* Begin PBXSourcesBuildPhase section */
		169712331C16969F00A8C17D /* Sources */ = {
			isa = PBXSourcesBuildPhase;
			buildActionMask = 2147483647;
			files = (
				169712521C169FA400A8C17D /* Item.swift in Sources */,
				1697123D1C16969F00A8C17D /* ViewController.swift in Sources */,
				169712431C16969F00A8C17D /* To_Do_List.xcdatamodeld in Sources */,
				169712511C169FA400A8C17D /* Item+CoreDataProperties.swift in Sources */,
				1697123B1C16969F00A8C17D /* AppDelegate.swift in Sources */,
			);
			runOnlyForDeploymentPostprocessing = 0;
		};
/* End PBXSourcesBuildPhase section */

/* Begin PBXVariantGroup section */
		1697123E1C16969F00A8C17D /* Main.storyboard */ = {
			isa = PBXVariantGroup;
			children = (
				1697123F1C16969F00A8C17D /* Base */,
			);
			name = Main.storyboard;
			sourceTree = "<group>";
		};
		169712461C16969F00A8C17D /* LaunchScreen.storyboard */ = {
			isa = PBXVariantGroup;
			children = (
				169712471C16969F00A8C17D /* Base */,
			);
			name = LaunchScreen.storyboard;
			sourceTree = "<group>";
		};
/* End PBXVariantGroup section */

/* Begin XCBuildConfiguration section */
		1697124A1C16969F00A8C17D /* Debug */ = {
			isa = XCBuildConfiguration;
			buildSettings = {
				ALWAYS_SEARCH_USER_PATHS = NO;
				CLANG_CXX_LANGUAGE_STANDARD = "gnu++0x";
				CLANG_CXX_LIBRARY = "libc++";
				CLANG_ENABLE_MODULES = YES;
				CLANG_ENABLE_OBJC_ARC = YES;
				CLANG_WARN_BOOL_CONVERSION = YES;
				CLANG_WARN_CONSTANT_CONVERSION = YES;
				CLANG_WARN_DIRECT_OBJC_ISA_USAGE = YES_ERROR;
				CLANG_WARN_EMPTY_BODY = YES;
				CLANG_WARN_ENUM_CONVERSION = YES;
				CLANG_WARN_INT_CONVERSION = YES;
				CLANG_WARN_OBJC_ROOT_CLASS = YES_ERROR;
				CLANG_WARN_UNREACHABLE_CODE = YES;
				CLANG_WARN__DUPLICATE_METHOD_MATCH = YES;
				"CODE_SIGN_IDENTITY[sdk=iphoneos*]" = "iPhone Developer";
				COPY_PHASE_STRIP = NO;
				DEBUG_INFORMATION_FORMAT = dwarf;
				ENABLE_STRICT_OBJC_MSGSEND = YES;
				ENABLE_TESTABILITY = YES;
				GCC_C_LANGUAGE_STANDARD = gnu99;
				GCC_DYNAMIC_NO_PIC = NO;
				GCC_NO_COMMON_BLOCKS = YES;
				GCC_OPTIMIZATION_LEVEL = 0;
				GCC_PREPROCESSOR_DEFINITIONS = (
					"DEBUG=1",
					"$(inherited)",
				);
				GCC_WARN_64_TO_32_BIT_CONVERSION = YES;
				GCC_WARN_ABOUT_RETURN_TYPE = YES_ERROR;
				GCC_WARN_UNDECLARED_SELECTOR = YES;
				GCC_WARN_UNINITIALIZED_AUTOS = YES_AGGRESSIVE;
				GCC_WARN_UNUSED_FUNCTION = YES;
				GCC_WARN_UNUSED_VARIABLE = YES;
				IPHONEOS_DEPLOYMENT_TARGET = 9.1;
				MTL_ENABLE_DEBUG_INFO = YES;
				ONLY_ACTIVE_ARCH = YES;
				SDKROOT = iphoneos;
				SWIFT_OPTIMIZATION_LEVEL = "-Onone";
			};
			name = Debug;
		};
		1697124B1C16969F00A8C17D /* Release */ = {
			isa = XCBuildConfiguration;
			buildSettings = {
				ALWAYS_SEARCH_USER_PATHS = NO;
				CLANG_CXX_LANGUAGE_STANDARD = "gnu++0x";
				CLANG_CXX_LIBRARY = "libc++";
				CLANG_ENABLE_MODULES = YES;
				CLANG_ENABLE_OBJC_ARC = YES;
				CLANG_WARN_BOOL_CONVERSION = YES;
				CLANG_WARN_CONSTANT_CONVERSION = YES;
				CLANG_WARN_DIRECT_OBJC_ISA_USAGE = YES_ERROR;
				CLANG_WARN_EMPTY_BODY = YES;
				CLANG_WARN_ENUM_CONVERSION = YES;
				CLANG_WARN_INT_CONVERSION = YES;
				CLANG_WARN_OBJC_ROOT_CLASS = YES_ERROR;
				CLANG_WARN_UNREACHABLE_CODE = YES;
				CLANG_WARN__DUPLICATE_METHOD_MATCH = YES;
				"CODE_SIGN_IDENTITY[sdk=iphoneos*]" = "iPhone Developer";
				COPY_PHASE_STRIP = NO;
				DEBUG_INFORMATION_FORMAT = "dwarf-with-dsym";
				ENABLE_NS_ASSERTIONS = NO;
				ENABLE_STRICT_OBJC_MSGSEND = YES;
				GCC_C_LANGUAGE_STANDARD = gnu99;
				GCC_NO_COMMON_BLOCKS = YES;
				GCC_WARN_64_TO_32_BIT_CONVERSION = YES;
				GCC_WARN_ABOUT_RETURN_TYPE = YES_ERROR;
				GCC_WARN_UNDECLARED_SELECTOR = YES;
				GCC_WARN_UNINITIALIZED_AUTOS = YES_AGGRESSIVE;
				GCC_WARN_UNUSED_FUNCTION = YES;
				GCC_WARN_UNUSED_VARIABLE = YES;
				IPHONEOS_DEPLOYMENT_TARGET = 9.1;
				MTL_ENABLE_DEBUG_INFO = NO;
				SDKROOT = iphoneos;
				VALIDATE_PRODUCT = YES;
			};
			name = Release;
		};
		1697124D1C16969F00A8C17D /* Debug */ = {
			isa = XCBuildConfiguration;
			buildSettings = {
				ASSETCATALOG_COMPILER_APPICON_NAME = AppIcon;
				INFOPLIST_FILE = "To Do List/Info.plist";
				LD_RUNPATH_SEARCH_PATHS = "$(inherited) @executable_path/Frameworks";
				PRODUCT_BUNDLE_IDENTIFIER = "com.appsbywade.To-Do-List";
				PRODUCT_NAME = "$(TARGET_NAME)";
			};
			name = Debug;
		};
		1697124E1C16969F00A8C17D /* Release */ = {
			isa = XCBuildConfiguration;
			buildSettings = {
				ASSETCATALOG_COMPILER_APPICON_NAME = AppIcon;
				INFOPLIST_FILE = "To Do List/Info.plist";
				LD_RUNPATH_SEARCH_PATHS = "$(inherited) @executable_path/Frameworks";
				PRODUCT_BUNDLE_IDENTIFIER = "com.appsbywade.To-Do-List";
				PRODUCT_NAME = "$(TARGET_NAME)";
			};
			name = Release;
		};
/* End XCBuildConfiguration section */

/* Begin XCConfigurationList section */
		169712321C16969F00A8C17D /* Build configuration list for PBXProject "To Do List" */ = {
			isa = XCConfigurationList;
			buildConfigurations = (
				1697124A1C16969F00A8C17D /* Debug */,
				1697124B1C16969F00A8C17D /* Release */,
			);
			defaultConfigurationIsVisible = 0;
			defaultConfigurationName = Release;
		};
		1697124C1C16969F00A8C17D /* Build configuration list for PBXNativeTarget "To Do List" */ = {
			isa = XCConfigurationList;
			buildConfigurations = (
				1697124D1C16969F00A8C17D /* Debug */,
				1697124E1C16969F00A8C17D /* Release */,
			);
			defaultConfigurationIsVisible = 0;
		};
/* End XCConfigurationList section */

/* Begin XCVersionGroup section */
		169712411C16969F00A8C17D /* To_Do_List.xcdatamodeld */ = {
			isa = XCVersionGroup;
			children = (
				169712421C16969F00A8C17D /* To_Do_List.xcdatamodel */,
			);
			currentVersion = 169712421C16969F00A8C17D /* To_Do_List.xcdatamodel */;
			path = To_Do_List.xcdatamodeld;
			sourceTree = "<group>";
			versionGroupType = wrapper.xcdatamodel;
		};
/* End XCVersionGroup section */
	};
	rootObject = 1697122F1C16969F00A8C17D /* Project object */;
}
